Microsoft Visual Studio Solution File, Format Version 11.00
# Visual Studio 2008

Project("{CE0F110E-6351-1C2D-7A6A-80711BA86BB7}") = "Learn Survival shooter", "Assembly-CSharp-vs.csproj", "{53A2FD25-833B-61DE-1B65-083649B3B01E}"
EndProject
Project("{CE0F110E-6351-1C2D-7A6A-80711BA86BB7}") = "Learn Survival shooter", "Assembly-CSharp-Editor-vs.csproj", "{3EAC8E2F-55E6-EBC8-FD4C-552F516FD092}"
EndProject
Global
	GlobalSection(SolutionConfigurationPlatforms) = preSolution
		Debug|Any CPU = Debug|Any CPU
		Release|Any CPU = Release|Any CPU
	EndGlobalSection
	GlobalSection(ProjectConfigurationPlatforms) = postSolution
		{53A2FD25-833B-61DE-1B65-083649B3B01E}.Debug|Any CPU.ActiveCfg = Debug|Any CPU
		{53A2FD25-833B-61DE-1B65-083649B3B01E}.Debug|Any CPU.Build.0 = Debug|Any CPU
		{53A2FD25-833B-61DE-1B65-083649B3B01E}.Release|Any CPU.ActiveCfg = Release|Any CPU
		{53A2FD25-833B-61DE-1B65-083649B3B01E}.Release|Any CPU.Build.0 = Release|Any CPU
		{3EAC8E2F-55E6-EBC8-FD4C-552F516FD092}.Debug|Any CPU.ActiveCfg = Debug|Any CPU
		{3EAC8E2F-55E6-EBC8-FD4C-552F516FD092}.Debug|Any CPU.Build.0 = Debug|Any CPU
		{3EAC8E2F-55E6-EBC8-FD4C-552F516FD092}.Release|Any CPU.ActiveCfg = Release|Any CPU
		{3EAC8E2F-55E6-EBC8-FD4C-552F516FD092}.Release|Any CPU.Build.0 = Release|Any CPU
	EndGlobalSection
	GlobalSection(SolutionProperties) = preSolution
		HideSolutionNode = FALSE
	EndGlobalSection
					GlobalSection(MonoDevelopProperties) = preSolution
		StartupItem = Assembly-CSharp.csproj
		Policies = $0
		$0.TextStylePolicy = $1
		$1.inheritsSet = null
		$1.scope = text/x-csharp
		$0.CSharpFormattingPolicy = $2
		$2.inheritsSet = Mono
		$2.inheritsScope = text/x-csharp
		$2.scope = text/x-csharp
		$0.TextStylePolicy = $3
		$3.FileWidth = 120
		$3.TabWidth = 4
		$3.IndentWidth = 4
		$3.EolMarker = Unix
		$3.inheritsSet = Mono
		$3.inheritsScope = text/plain
		$3.scope = text/plain
	EndGlobalSection

EndGlobal
